// !$*UTF8*$!
{
	archiveVersion = 1;
	classes = {
	};
	objectVersion = 46;
	objects = {

/* Begin PBXBuildFile section */
		EC9D360E1C463C0900629078 /* main.cpp in Sources */ = {isa = PBXBuildFile; fileRef = EC9D360D1C463C0900629078 /* main.cpp */; };
/* End PBXBuildFile section */

/* Begin PBXCopyFilesBuildPhase section */
		EC9D36081C463C0900629078 /* CopyFiles */ = {
			isa = PBXCopyFilesBuildPhase;
			buildActionMask = 2147483647;
			dstPath = /usr/share/man/man1/;
			dstSubfolderSpec = 0;
			files = (
			);
			runOnlyForDeploymentPostprocessing = 1;
		};
/* End PBXCopyFilesBuildPhase section */

/* Begin PBXFileReference section */
		EC9D360A1C463C0900629078 /* handleEmojiInUnicodeString */ = {isa = PBXFileReference; explicitFileType = "compiled.mach-o.executable"; includeInIndex = 0; path = handleEmojiInUnicodeString; sourceTree = BUILT_PRODUCTS_DIR; };
		EC9D360D1C463C0900629078 /* main.cpp */ = {isa = PBXFileReference; lastKnownFileType = sourcecode.cpp.cpp; path = main.cpp; sourceTree = "<group>"; };
		EC9D36151C463C3300629078 /* handleEmoji.hpp */ = {isa = PBXFileReference; fileEncoding = 4; lastKnownFileType = sourcecode.cpp.h; path = handleEmoji.hpp; sourceTree = "<group>"; };
/* End PBXFileReference section */

/* Begin PBXFrameworksBuildPhase section */
		EC9D36071C463C0900629078 /* Frameworks */ = {
			isa = PBXFrameworksBuildPhase;
			buildActionMask = 2147483647;
			files = (
			);
			runOnlyForDeploymentPostprocessing = 0;
		};
/* End PBXFrameworksBuildPhase section */

/* Begin PBXGroup section */
		EC9D36011C463C0800629078 = {
			isa = PBXGroup;
			children = (
				EC9D360C1C463C0900629078 /* handleEmojiInUnicodeString */,
				EC9D360B1C463C0900629078 /* Products */,
			);
			sourceTree = "<group>";
		};
		EC9D360B1C463C0900629078 /* Products */ = {
			isa = PBXGroup;
			children = (
				EC9D360A1C463C0900629078 /* handleEmojiInUnicodeString */,
			);
			name = Products;
			sourceTree = "<group>";
		};
		EC9D360C1C463C0900629078 /* handleEmojiInUnicodeString */ = {
			isa = PBXGroup;
			children = (
				EC9D360D1C463C0900629078 /* main.cpp */,
				EC9D36151C463C3300629078 /* handleEmoji.hpp */,
			);
			path = handleEmojiInUnicodeString;
			sourceTree = "<group>";
		};
/* End PBXGroup section */

/* Begin PBXNativeTarget section */
		EC9D36091C463C0900629078 /* handleEmojiInUnicodeString */ = {
			isa = PBXNativeTarget;
			buildConfigurationList = EC9D36111C463C0900629078 /* Build configuration list for PBXNativeTarget "handleEmojiInUnicodeString" */;
			buildPhases = (
				EC9D36061C463C0900629078 /* Sources */,
				EC9D36071C463C0900629078 /* Frameworks */,
				EC9D36081C463C0900629078 /* CopyFiles */,
			);
			buildRules = (
			);
			dependencies = (
			);
			name = handleEmojiInUnicodeString;
			productName = handleEmojiInUnicodeString;
			productReference = EC9D360A1C463C0900629078 /* handleEmojiInUnicodeString */;
			productType = "com.apple.product-type.tool";
		};
/* End PBXNativeTarget section */

/* Begin PBXProject section */
		EC9D36021C463C0900629078 /* Project object */ = {
			isa = PBXProject;
			attributes = {
				LastUpgradeCheck = 0720;
				ORGANIZATIONNAME = "Dexter Wu";
				TargetAttributes = {
					EC9D36091C463C0900629078 = {
						CreatedOnToolsVersion = 7.2;
					};
				};
			};
			buildConfigurationList = EC9D36051C463C0900629078 /* Build configuration list for PBXProject "handleEmojiInUnicodeString" */;
			compatibilityVersion = "Xcode 3.2";
			developmentRegion = English;
			hasScannedForEncodings = 0;
			knownRegions = (
				en,
			);
			mainGroup = EC9D36011C463C0800629078;
			productRefGroup = EC9D360B1C463C0900629078 /* Products */;
			projectDirPath = "";
			projectRoot = "";
			targets = (
				EC9D36091C463C0900629078 /* handleEmojiInUnicodeString */,
			);
		};
/* End PBXProject section */

/* Begin PBXSourcesBuildPhase section */
		EC9D36061C463C0900629078 /* Sources */ = {
			isa = PBXSourcesBuildPhase;
			buildActionMask = 2147483647;
			files = (
				EC9D360E1C463C0900629078 /* main.cpp in Sources */,
			);
			runOnlyForDeploymentPostprocessing = 0;
		};
/* End PBXSourcesBuildPhase section */

/* Begin XCBuildConfiguration section */
		EC9D360F1C463C0900629078 /* Debug */ = {
			isa = XCBuildConfiguration;
			buildSettings = {
				ALWAYS_SEARCH_USER_PATHS = NO;
				CLANG_CXX_LANGUAGE_STANDARD = "gnu++0x";
				CLANG_CXX_LIBRARY = "libc++";
				CLANG_ENABLE_MODULES = YES;
				CLANG_ENABLE_OBJC_ARC = YES;
				CLANG_WARN_BOOL_CONVERSION = YES;
				CLANG_WARN_CONSTANT_CONVERSION = YES;
				CLANG_WARN_DIRECT_OBJC_ISA_USAGE = YES_ERROR;
				CLANG_WARN_EMPTY_BODY = YES;
				CLANG_WARN_ENUM_CONVERSION = YES;
				CLANG_WARN_INT_CONVERSION = YES;
				CLANG_WARN_OBJC_ROOT_CLASS = YES_ERROR;
				CLANG_WARN_UNREACHABLE_CODE = YES;
				CLANG_WARN__DUPLICATE_METHOD_MATCH = YES;
				CODE_SIGN_IDENTITY = "-";
				COPY_PHASE_STRIP = NO;
				DEBUG_INFORMATION_FORMAT = dwarf;
				ENABLE_STRICT_OBJC_MSGSEND = YES;
				ENABLE_TESTABILITY = YES;
				GCC_C_LANGUAGE_STANDARD = gnu99;
				GCC_DYNAMIC_NO_PIC = NO;
				GCC_NO_COMMON_BLOCKS = YES;
				GCC_OPTIMIZATION_LEVEL = 0;
				GCC_PREPROCESSOR_DEFINITIONS = (
					"DEBUG=1",
					"$(inherited)",
				);
				GCC_WARN_64_TO_32_BIT_CONVERSION = YES;
				GCC_WARN_ABOUT_RETURN_TYPE = YES_ERROR;
				GCC_WARN_UNDECLARED_SELECTOR = YES;
				GCC_WARN_UNINITIALIZED_AUTOS = YES_AGGRESSIVE;
				GCC_WARN_UNUSED_FUNCTION = YES;
				GCC_WARN_UNUSED_VARIABLE = YES;
				MACOSX_DEPLOYMENT_TARGET = 10.10;
				MTL_ENABLE_DEBUG_INFO = YES;
				ONLY_ACTIVE_ARCH = YES;
				SDKROOT = macosx;
			};
			name = Debug;
		};
		EC9D36101C463C0900629078 /* Release */ = {
			isa = XCBuildConfiguration;
			buildSettings = {
				ALWAYS_SEARCH_USER_PATHS = NO;
				CLANG_CXX_LANGUAGE_STANDARD = "gnu++0x";
				CLANG_CXX_LIBRARY = "libc++";
				CLANG_ENABLE_MODULES = YES;
				CLANG_ENABLE_OBJC_ARC = YES;
				CLANG_WARN_BOOL_CONVERSION = YES;
				CLANG_WARN_CONSTANT_CONVERSION = YES;
				CLANG_WARN_DIRECT_OBJC_ISA_USAGE = YES_ERROR;
				CLANG_WARN_EMPTY_BODY = YES;
				CLANG_WARN_ENUM_CONVERSION = YES;
				CLANG_WARN_INT_CONVERSION = YES;
				CLANG_WARN_OBJC_ROOT_CLASS = YES_ERROR;
				CLANG_WARN_UNREACHABLE_CODE = YES;
				CLANG_WARN__DUPLICATE_METHOD_MATCH = YES;
				CODE_SIGN_IDENTITY = "-";
				COPY_PHASE_STRIP = NO;
				DEBUG_INFORMATION_FORMAT = "dwarf-with-dsym";
				ENABLE_NS_ASSERTIONS = NO;
				ENABLE_STRICT_OBJC_MSGSEND = YES;
				GCC_C_LANGUAGE_STANDARD = gnu99;
				GCC_NO_COMMON_BLOCKS = YES;
				GCC_WARN_64_TO_32_BIT_CONVERSION = YES;
				GCC_WARN_ABOUT_RETURN_TYPE = YES_ERROR;
				GCC_WARN_UNDECLARED_SELECTOR = YES;
				GCC_WARN_UNINITIALIZED_AUTOS = YES_AGGRESSIVE;
				GCC_WARN_UNUSED_FUNCTION = YES;
				GCC_WARN_UNUSED_VARIABLE = YES;
				MACOSX_DEPLOYMENT_TARGET = 10.10;
				MTL_ENABLE_DEBUG_INFO = NO;
				SDKROOT = macosx;
			};
			name = Release;
		};
		EC9D36121C463C0900629078 /* Debug */ = {
			isa = XCBuildConfiguration;
			buildSettings = {
				PRODUCT_NAME = "$(TARGET_NAME)";
			};
			name = Debug;
		};
		EC9D36131C463C0900629078 /* Release */ = {
			isa = XCBuildConfiguration;
			buildSettings = {
				PRODUCT_NAME = "$(TARGET_NAME)";
			};
			name = Release;
		};
/* End XCBuildConfiguration section */

/* Begin XCConfigurationList section */
		EC9D36051C463C0900629078 /* Build configuration list for PBXProject "handleEmojiInUnicodeString" */ = {
			isa = XCConfigurationList;
			buildConfigurations = (
				EC9D360F1C463C0900629078 /* Debug */,
				EC9D36101C463C0900629078 /* Release */,
			);
			defaultConfigurationIsVisible = 0;
			defaultConfigurationName = Release;
		};
		EC9D36111C463C0900629078 /* Build configuration list for PBXNativeTarget "handleEmojiInUnicodeString" */ = {
			isa = XCConfigurationList;
			buildConfigurations = (
				EC9D36121C463C0900629078 /* Debug */,
				EC9D36131C463C0900629078 /* Release */,
			);
			defaultConfigurationIsVisible = 0;
		};
/* End XCConfigurationList section */
	};
	rootObject = EC9D36021C463C0900629078 /* Project object */;
}
